{
  "name": "@euglena/organelle.net.nodejs",
  "version": "0.2.2",
  "lockfileVersion": 1,
  "dependencies": {
    "@euglena/core": {
      "version": "github:codelovesme/euglena#a022c0c2ae1e42244bba1f37163f47116acdf56a"
    },
    "@euglena/template": {
      "version": "github:codelovesme/euglena.template#71411e001f133c5a7a05fc415afe8b5cce2ee52b"
    },
    "@types/node": {
      "version": "7.0.35",
      "resolved": "https://registry.npmjs.org/@types/node/-/node-7.0.35.tgz",
      "integrity": "sha512-6BZYMnwskXs7RV4+Vu5cKCSVJqfOuNI1XqmiLEpX47963q3Mh3gOxPzBKA4L3KdonB0/SNVoNn+HHr4JvIWG8Q==",
      "dev": true
    },
    "@types/socket.io": {
      "version": "1.4.29",
      "resolved": "https://registry.npmjs.org/@types/socket.io/-/socket.io-1.4.29.tgz",
      "integrity": "sha1-hqazqat4z5qQDO74W5totr6oZxI=",
      "dev": true
    },
    "@types/socket.io-client": {
      "version": "1.4.29",
      "resolved": "https://registry.npmjs.org/@types/socket.io-client/-/socket.io-client-1.4.29.tgz",
      "integrity": "sha1-+HQwcM7pMXXjbgtqd6ivc+WMyzI=",
      "dev": true
    },
    "cessnalib": {
      "version": "0.1.2",
      "resolved": "https://registry.npmjs.org/cessnalib/-/cessnalib-0.1.2.tgz",
      "integrity": "sha1-P6f7TUM9dheVzgzJoz9eOOUepCQ="
    },
    "sift": {
      "version": "3.3.12",
      "resolved": "https://registry.npmjs.org/sift/-/sift-3.3.12.tgz",
      "integrity": "sha1-T1zfFq89syr6BKslKXsOIK2YKUo="
    }
  }
}
